# THIS IS AN AUTOGENERATED FILE. DO NOT EDIT THIS FILE DIRECTLY.
# yarn lockfile v1


pix-utils-js@^1.0.0:
  version "1.0.0"
  resolved "https://registry.yarnpkg.com/pix-utils-js/-/pix-utils-js-1.0.0.tgz#ccdf914143e8d4a5c6de9b4edb560991f1b163aa"
  integrity sha512-pMYZWuMblwPDYphjntpg+ZgjTJ4ZjwUcbAozhJLmvjz2kfOdWhdLmVA301C4GAt996ZBlBE40DujsYFpqxyaRQ==
